// !$*UTF8*$!
{
	archiveVersion = 1;
	classes = {
	};
	objectVersion = 46;
	objects = {

/* Begin PBXBuildFile section */
		75DCE0308BF8F84696E83FAA /* XBStringLengthValidator.m in Sources */ = {isa = PBXBuildFile; fileRef = 75DCE943EDC5F6698DCE1547 /* XBStringLengthValidator.m */; };
		75DCE213C93A60C708C2A02F /* XBEmailValidator.m in Sources */ = {isa = PBXBuildFile; fileRef = 75DCE540A21D3E7DD4890EBE /* XBEmailValidator.m */; };
		75DCE23E07F00280D157045F /* XBRequiredValidator.m in Sources */ = {isa = PBXBuildFile; fileRef = 75DCEB5711EFD30FAAA386FA /* XBRequiredValidator.m */; };
		75DCE353CB594AF8EDEA7C3D /* XBMinValueValidator.m in Sources */ = {isa = PBXBuildFile; fileRef = 75DCEA59D6BBB763F840005A /* XBMinValueValidator.m */; };
		75DCE48C14BBBBDA5642E52F /* XBXMPPConnector.m in Sources */ = {isa = PBXBuildFile; fileRef = 75DCE4A385E2C649E16EA677 /* XBXMPPConnector.m */; };
		75DCE4B321E2B9D44627B51D /* AccountTests.m in Sources */ = {isa = PBXBuildFile; fileRef = 75DCEEA7F17D23658AF445DB /* AccountTests.m */; };
		75DCE4C79781FF1F5FCD34C7 /* ValidatorsTests.m in Sources */ = {isa = PBXBuildFile; fileRef = 75DCEEBD0523FB54D0B1D6DE /* ValidatorsTests.m */; };
		75DCE501A6AFCFC5583CE3E4 /* XBContact.m in Sources */ = {isa = PBXBuildFile; fileRef = 75DCE6950CE1F00AE1310EFE /* XBContact.m */; };
		75DCE5ABE93A4E98F45E4C1A /* XBClassValidator.m in Sources */ = {isa = PBXBuildFile; fileRef = 75DCEA4ABA34835710E5A483 /* XBClassValidator.m */; };
		75DCE5E059A0113482DA39CC /* XBAccountManager.m in Sources */ = {isa = PBXBuildFile; fileRef = 75DCEB2BD63DFA9BB5FA1A87 /* XBAccountManager.m */; };
		75DCE5E9B009952060DB1290 /* XBAuthTest.m in Sources */ = {isa = PBXBuildFile; fileRef = 75DCED516A2BF3745537CB36 /* XBAuthTest.m */; };
		75DCE79E43BD92C9AB570663 /* mogen.sh in Resources */ = {isa = PBXBuildFile; fileRef = 75DCE9235B36DF8083D25ECA /* mogen.sh */; };
		75DCE8D8DF418719894E2084 /* AccountConnectorTests.m in Sources */ = {isa = PBXBuildFile; fileRef = 75DCECC77ED2B754ED2DF249 /* AccountConnectorTests.m */; };
		75DCE93BD1E1D88C84714D60 /* XBAccount.m in Sources */ = {isa = PBXBuildFile; fileRef = 75DCE2E5958345301F5FB5B6 /* XBAccount.m */; };
		75DCE9A2CACC2E1827D6CBE6 /* .travis.yml in Resources */ = {isa = PBXBuildFile; fileRef = 75DCE904070B7C93366CF1B9 /* .travis.yml */; };
		75DCE9D4F122C8E3BB07125F /* .gitignore in Resources */ = {isa = PBXBuildFile; fileRef = 75DCED47E6E3DC91302E4215 /* .gitignore */; };
		75DCE9DB4183ABEB2BD980FD /* XMPPPresence+XBEquality.m in Sources */ = {isa = PBXBuildFile; fileRef = 75DCE1AE3570B5B13C2B700D /* XMPPPresence+XBEquality.m */; };
		75DCEA5B4FA15D8980989C38 /* XBTypes.h in Resources */ = {isa = PBXBuildFile; fileRef = 75DCE4E8E6A5E52515DFF361 /* XBTypes.h */; };
		75DCEA934D04CA3BDAC613FF /* XBAccountsController.m in Sources */ = {isa = PBXBuildFile; fileRef = 75DCE240E9ACEF330E663B9E /* XBAccountsController.m */; };
		75DCEB83DF5C824D7CE5B3A7 /* XMPPConnectorTests.m in Sources */ = {isa = PBXBuildFile; fileRef = 75DCE73E0BE2D2A0FA4CD645 /* XMPPConnectorTests.m */; };
		75DCEC8A990C6D4A5573994E /* XBMaxValueValidator.m in Sources */ = {isa = PBXBuildFile; fileRef = 75DCED9701ACF8BEA21AE48C /* XBMaxValueValidator.m */; };
		75DCEC9A493466986B8E1B72 /* AccountsControllerTests.m in Sources */ = {isa = PBXBuildFile; fileRef = 75DCE71D034B89C766312B4F /* AccountsControllerTests.m */; };
		75DCEE2ED27D89898EA3F4B4 /* XBContactList.m in Sources */ = {isa = PBXBuildFile; fileRef = 75DCE9A4DE3673AB789F615E /* XBContactList.m */; };
		75DCEE627A4AEA9076A55EE8 /* mogend.sh in Resources */ = {isa = PBXBuildFile; fileRef = 75DCE13BBDB715407F1B73AA /* mogend.sh */; };
		A41DB9F119A2168A00B3AB93 /* xabber.xcdatamodeld in Sources */ = {isa = PBXBuildFile; fileRef = A41DB9EF19A2168A00B3AB93 /* xabber.xcdatamodeld */; };
		A41DB9F719A218F500B3AB93 /* XBXMPPCoreDataAccount.m in Sources */ = {isa = PBXBuildFile; fileRef = A41DB9F419A218F500B3AB93 /* XBXMPPCoreDataAccount.m */; };
		A41DB9FE19A2190200B3AB93 /* _XBXMPPCoreDataAccount.m in Sources */ = {isa = PBXBuildFile; fileRef = A41DB9FC19A2190200B3AB93 /* _XBXMPPCoreDataAccount.m */; };
		A421DBD4199E02D000F857E2 /* Foundation.framework in Frameworks */ = {isa = PBXBuildFile; fileRef = A421DBD3199E02D000F857E2 /* Foundation.framework */; };
		A421DBD6199E02D000F857E2 /* CoreGraphics.framework in Frameworks */ = {isa = PBXBuildFile; fileRef = A421DBD5199E02D000F857E2 /* CoreGraphics.framework */; };
		A421DBD8199E02D000F857E2 /* UIKit.framework in Frameworks */ = {isa = PBXBuildFile; fileRef = A421DBD7199E02D000F857E2 /* UIKit.framework */; };
		A421DBDA199E02D000F857E2 /* CoreData.framework in Frameworks */ = {isa = PBXBuildFile; fileRef = A421DBD9199E02D000F857E2 /* CoreData.framework */; };
		A421DBE0199E02D000F857E2 /* InfoPlist.strings in Resources */ = {isa = PBXBuildFile; fileRef = A421DBDE199E02D000F857E2 /* InfoPlist.strings */; };
		A421DBE2199E02D000F857E2 /* main.m in Sources */ = {isa = PBXBuildFile; fileRef = A421DBE1199E02D000F857E2 /* main.m */; };
		A421DBE6199E02D000F857E2 /* XBAppDelegate.m in Sources */ = {isa = PBXBuildFile; fileRef = A421DBE5199E02D000F857E2 /* XBAppDelegate.m */; };
		A421DBE9199E02D000F857E2 /* Main_iPhone.storyboard in Resources */ = {isa = PBXBuildFile; fileRef = A421DBE7199E02D000F857E2 /* Main_iPhone.storyboard */; };
		A421DBEC199E02D000F857E2 /* Main_iPad.storyboard in Resources */ = {isa = PBXBuildFile; fileRef = A421DBEA199E02D000F857E2 /* Main_iPad.storyboard */; };
		A421DBF7199E02D000F857E2 /* Images.xcassets in Resources */ = {isa = PBXBuildFile; fileRef = A421DBF6199E02D000F857E2 /* Images.xcassets */; };
		A421DBFE199E02D000F857E2 /* XCTest.framework in Frameworks */ = {isa = PBXBuildFile; fileRef = A421DBFD199E02D000F857E2 /* XCTest.framework */; };
		A421DBFF199E02D000F857E2 /* Foundation.framework in Frameworks */ = {isa = PBXBuildFile; fileRef = A421DBD3199E02D000F857E2 /* Foundation.framework */; };
		A421DC00199E02D000F857E2 /* UIKit.framework in Frameworks */ = {isa = PBXBuildFile; fileRef = A421DBD7199E02D000F857E2 /* UIKit.framework */; };
		A421DC01199E02D000F857E2 /* CoreData.framework in Frameworks */ = {isa = PBXBuildFile; fileRef = A421DBD9199E02D000F857E2 /* CoreData.framework */; };
		A421DC09199E02D000F857E2 /* InfoPlist.strings in Resources */ = {isa = PBXBuildFile; fileRef = A421DC07199E02D000F857E2 /* InfoPlist.strings */; };
		A43500F319BDA95C00485EE4 /* XBAccountEditViewController.m in Sources */ = {isa = PBXBuildFile; fileRef = A43500F219BDA95C00485EE4 /* XBAccountEditViewController.m */; };
		A43500F619BDC92700485EE4 /* XBAccountsViewController.m in Sources */ = {isa = PBXBuildFile; fileRef = A43500F519BDC92700485EE4 /* XBAccountsViewController.m */; };
		A48BFFA619C06EB200CB502C /* Localizable.strings in Resources */ = {isa = PBXBuildFile; fileRef = A48BFFA219C02B7F00CB502C /* Localizable.strings */; };
		B6543416F91040A5923464F8 /* libPods.a in Frameworks */ = {isa = PBXBuildFile; fileRef = AA53C965164949F69C2EA7E8 /* libPods.a */; };
		CC5E7FD9F980480B8952BDB6 /* libPods-xabberTests.a in Frameworks */ = {isa = PBXBuildFile; fileRef = 944A0A7921684A89A96C5394 /* libPods-xabberTests.a */; };
/* End PBXBuildFile section */

/* Begin PBXBuildRule section */
		A41DB9DB19A1CD6800B3AB93 /* PBXBuildRule */ = {
			isa = PBXBuildRule;
			compilerSpec = com.apple.compilers.proxy.script;
			fileType = wrapper.xcdatamodeld;
			isEditable = 1;
			outputFiles = (
				"$(DERIVED_FILE_DIR)/$(INPUT_FILE_BASE).mom",
			);
			script = "echo \"Running mogend\"\n${PROJECT_DIR}/xabber/CoreData/Scripts/mogend.sh";
		};
		A41DB9DC19A1CDCB00B3AB93 /* PBXBuildRule */ = {
			isa = PBXBuildRule;
			compilerSpec = com.apple.compilers.proxy.script;
			fileType = wrapper.xcdatamodel;
			isEditable = 1;
			outputFiles = (
				"$(DERIVED_FILE_DIR)/$(INPUT_FILE_BASE).mom",
			);
			script = "echo \"Running mogen\"\n${PROJECT_DIR}/xabber/CoreData/Scripts/mogen.sh";
		};
/* End PBXBuildRule section */

/* Begin PBXContainerItemProxy section */
		A421DC02199E02D000F857E2 /* PBXContainerItemProxy */ = {
			isa = PBXContainerItemProxy;
			containerPortal = A421DBC8199E02D000F857E2 /* Project object */;
			proxyType = 1;
			remoteGlobalIDString = A421DBCF199E02D000F857E2;
			remoteInfo = xabber;
		};
/* End PBXContainerItemProxy section */

/* Begin PBXFileReference section */
		75DCE0901054B52E74BDBC07 /* XBMaxValueValidator.h */ = {isa = PBXFileReference; fileEncoding = 4; lastKnownFileType = sourcecode.c.h; path = XBMaxValueValidator.h; sourceTree = "<group>"; };
		75DCE13BBDB715407F1B73AA /* mogend.sh */ = {isa = PBXFileReference; fileEncoding = 4; lastKnownFileType = text.script.sh; path = mogend.sh; sourceTree = "<group>"; };
		75DCE1AE3570B5B13C2B700D /* XMPPPresence+XBEquality.m */ = {isa = PBXFileReference; fileEncoding = 4; lastKnownFileType = sourcecode.c.objc; path = "XMPPPresence+XBEquality.m"; sourceTree = "<group>"; };
		75DCE240E9ACEF330E663B9E /* XBAccountsController.m */ = {isa = PBXFileReference; fileEncoding = 4; lastKnownFileType = sourcecode.c.objc; path = XBAccountsController.m; sourceTree = "<group>"; };
		75DCE2E5958345301F5FB5B6 /* XBAccount.m */ = {isa = PBXFileReference; fileEncoding = 4; lastKnownFileType = sourcecode.c.objc; path = XBAccount.m; sourceTree = "<group>"; };
		75DCE46563847633E289687F /* XBClassValidator.h */ = {isa = PBXFileReference; fileEncoding = 4; lastKnownFileType = sourcecode.c.h; path = XBClassValidator.h; sourceTree = "<group>"; };
		75DCE48EA075773D65EA2DA2 /* XBXMPPConnector.h */ = {isa = PBXFileReference; fileEncoding = 4; lastKnownFileType = sourcecode.c.h; path = XBXMPPConnector.h; sourceTree = "<group>"; };
		75DCE4A385E2C649E16EA677 /* XBXMPPConnector.m */ = {isa = PBXFileReference; fileEncoding = 4; lastKnownFileType = sourcecode.c.objc; path = XBXMPPConnector.m; sourceTree = "<group>"; };
		75DCE4E8E6A5E52515DFF361 /* XBTypes.h */ = {isa = PBXFileReference; fileEncoding = 4; lastKnownFileType = sourcecode.c.h; path = XBTypes.h; sourceTree = "<group>"; };
		75DCE540A21D3E7DD4890EBE /* XBEmailValidator.m */ = {isa = PBXFileReference; fileEncoding = 4; lastKnownFileType = sourcecode.c.objc; path = XBEmailValidator.m; sourceTree = "<group>"; };
		75DCE5538A18D8CE3D0F00E6 /* XMPPFramework.h */ = {isa = PBXFileReference; fileEncoding = 4; lastKnownFileType = sourcecode.c.h; path = XMPPFramework.h; sourceTree = "<group>"; };
		75DCE6911215C0CAA27BD043 /* XBStringLengthValidator.h */ = {isa = PBXFileReference; fileEncoding = 4; lastKnownFileType = sourcecode.c.h; path = XBStringLengthValidator.h; sourceTree = "<group>"; };
		75DCE6950CE1F00AE1310EFE /* XBContact.m */ = {isa = PBXFileReference; fileEncoding = 4; lastKnownFileType = sourcecode.c.objc; path = XBContact.m; sourceTree = "<group>"; };
		75DCE71D034B89C766312B4F /* AccountsControllerTests.m */ = {isa = PBXFileReference; fileEncoding = 4; lastKnownFileType = sourcecode.c.objc; path = AccountsControllerTests.m; sourceTree = "<group>"; };
		75DCE73E0BE2D2A0FA4CD645 /* XMPPConnectorTests.m */ = {isa = PBXFileReference; fileEncoding = 4; lastKnownFileType = sourcecode.c.objc; path = XMPPConnectorTests.m; sourceTree = "<group>"; };
		75DCE7BDBED11F4610A7D73E /* XBError.h */ = {isa = PBXFileReference; fileEncoding = 4; lastKnownFileType = sourcecode.c.h; path = XBError.h; sourceTree = "<group>"; };
		75DCE904070B7C93366CF1B9 /* .travis.yml */ = {isa = PBXFileReference; lastKnownFileType = file.yml; path = .travis.yml; sourceTree = "<group>"; };
		75DCE9235B36DF8083D25ECA /* mogen.sh */ = {isa = PBXFileReference; fileEncoding = 4; lastKnownFileType = text.script.sh; path = mogen.sh; sourceTree = "<group>"; };
		75DCE943EDC5F6698DCE1547 /* XBStringLengthValidator.m */ = {isa = PBXFileReference; fileEncoding = 4; lastKnownFileType = sourcecode.c.objc; path = XBStringLengthValidator.m; sourceTree = "<group>"; };
		75DCE996118C496E51FB8678 /* XBAccountsController.h */ = {isa = PBXFileReference; fileEncoding = 4; lastKnownFileType = sourcecode.c.h; path = XBAccountsController.h; sourceTree = "<group>"; };
		75DCE9A4DE3673AB789F615E /* XBContactList.m */ = {isa = PBXFileReference; fileEncoding = 4; lastKnownFileType = sourcecode.c.objc; path = XBContactList.m; sourceTree = "<group>"; };
		75DCE9ADA7CC1833B8D513F7 /* XBContactList.h */ = {isa = PBXFileReference; fileEncoding = 4; lastKnownFileType = sourcecode.c.h; path = XBContactList.h; sourceTree = "<group>"; };
		75DCEA4ABA34835710E5A483 /* XBClassValidator.m */ = {isa = PBXFileReference; fileEncoding = 4; lastKnownFileType = sourcecode.c.objc; path = XBClassValidator.m; sourceTree = "<group>"; };
		75DCEA59D6BBB763F840005A /* XBMinValueValidator.m */ = {isa = PBXFileReference; fileEncoding = 4; lastKnownFileType = sourcecode.c.objc; path = XBMinValueValidator.m; sourceTree = "<group>"; };
		75DCEAA2F7C599948E74460D /* XBValidator.h */ = {isa = PBXFileReference; fileEncoding = 4; lastKnownFileType = sourcecode.c.h; path = XBValidator.h; sourceTree = "<group>"; };
		75DCEAA6D0D70640CC681139 /* XBContact.h */ = {isa = PBXFileReference; fileEncoding = 4; lastKnownFileType = sourcecode.c.h; path = XBContact.h; sourceTree = "<group>"; };
		75DCEB2BD63DFA9BB5FA1A87 /* XBAccountManager.m */ = {isa = PBXFileReference; fileEncoding = 4; lastKnownFileType = sourcecode.c.objc; path = XBAccountManager.m; sourceTree = "<group>"; };
		75DCEB5711EFD30FAAA386FA /* XBRequiredValidator.m */ = {isa = PBXFileReference; fileEncoding = 4; lastKnownFileType = sourcecode.c.objc; path = XBRequiredValidator.m; sourceTree = "<group>"; };
		75DCEBA4AB61EAD736243C5F /* XBAccountManager.h */ = {isa = PBXFileReference; fileEncoding = 4; lastKnownFileType = sourcecode.c.h; path = XBAccountManager.h; sourceTree = "<group>"; };
		75DCECC77ED2B754ED2DF249 /* AccountConnectorTests.m */ = {isa = PBXFileReference; fileEncoding = 4; lastKnownFileType = sourcecode.c.objc; path = AccountConnectorTests.m; sourceTree = "<group>"; };
		75DCED2989A8CF77616FB53B /* XBRequiredValidator.h */ = {isa = PBXFileReference; fileEncoding = 4; lastKnownFileType = sourcecode.c.h; path = XBRequiredValidator.h; sourceTree = "<group>"; };
		75DCED47E6E3DC91302E4215 /* .gitignore */ = {isa = PBXFileReference; lastKnownFileType = file.gitignore; path = .gitignore; sourceTree = "<group>"; };
		75DCED516A2BF3745537CB36 /* XBAuthTest.m */ = {isa = PBXFileReference; fileEncoding = 4; lastKnownFileType = sourcecode.c.objc; path = XBAuthTest.m; sourceTree = "<group>"; };
		75DCED66D62ECECB1000DBB5 /* XBAccount.h */ = {isa = PBXFileReference; fileEncoding = 4; lastKnownFileType = sourcecode.c.h; path = XBAccount.h; sourceTree = "<group>"; };
		75DCED6B494282AAA76811B9 /* XMPPPresence+XBEquality.h */ = {isa = PBXFileReference; fileEncoding = 4; lastKnownFileType = sourcecode.c.h; path = "XMPPPresence+XBEquality.h"; sourceTree = "<group>"; };
		75DCED9701ACF8BEA21AE48C /* XBMaxValueValidator.m */ = {isa = PBXFileReference; fileEncoding = 4; lastKnownFileType = sourcecode.c.objc; path = XBMaxValueValidator.m; sourceTree = "<group>"; };
		75DCEE36640E2458CC519DF1 /* XBEmailValidator.h */ = {isa = PBXFileReference; fileEncoding = 4; lastKnownFileType = sourcecode.c.h; path = XBEmailValidator.h; sourceTree = "<group>"; };
		75DCEEA7F17D23658AF445DB /* AccountTests.m */ = {isa = PBXFileReference; fileEncoding = 4; lastKnownFileType = sourcecode.c.objc; path = AccountTests.m; sourceTree = "<group>"; };
		75DCEEBD0523FB54D0B1D6DE /* ValidatorsTests.m */ = {isa = PBXFileReference; fileEncoding = 4; lastKnownFileType = sourcecode.c.objc; path = ValidatorsTests.m; sourceTree = "<group>"; };
		75DCEF4BA703C79DB6750770 /* XBMinValueValidator.h */ = {isa = PBXFileReference; fileEncoding = 4; lastKnownFileType = sourcecode.c.h; path = XBMinValueValidator.h; sourceTree = "<group>"; };
		8F8CDA0B349E4FB68FC4D371 /* Pods.xcconfig */ = {isa = PBXFileReference; includeInIndex = 1; lastKnownFileType = text.xcconfig; name = Pods.xcconfig; path = Pods/Pods.xcconfig; sourceTree = "<group>"; };
		944A0A7921684A89A96C5394 /* libPods-xabberTests.a */ = {isa = PBXFileReference; explicitFileType = archive.ar; includeInIndex = 0; path = "libPods-xabberTests.a"; sourceTree = BUILT_PRODUCTS_DIR; };
		A4189FF319A370B00017C5C6 /* xabber 2.xcdatamodel */ = {isa = PBXFileReference; lastKnownFileType = wrapper.xcdatamodel; path = "xabber 2.xcdatamodel"; sourceTree = "<group>"; };
		A418F7ED19A5E64700786B8B /* xabber 3.xcdatamodel */ = {isa = PBXFileReference; lastKnownFileType = wrapper.xcdatamodel; path = "xabber 3.xcdatamodel"; sourceTree = "<group>"; };
		A41DB9F019A2168A00B3AB93 /* xabber.xcdatamodel */ = {isa = PBXFileReference; lastKnownFileType = wrapper.xcdatamodel; path = xabber.xcdatamodel; sourceTree = "<group>"; };
		A41DB9F219A218EA00B3AB93 /* ModelIncludes.h */ = {isa = PBXFileReference; fileEncoding = 4; lastKnownFileType = sourcecode.c.h; path = ModelIncludes.h; sourceTree = "<group>"; };
		A41DB9F319A218F500B3AB93 /* XBXMPPCoreDataAccount.h */ = {isa = PBXFileReference; fileEncoding = 4; lastKnownFileType = sourcecode.c.h; path = XBXMPPCoreDataAccount.h; sourceTree = "<group>"; };
		A41DB9F419A218F500B3AB93 /* XBXMPPCoreDataAccount.m */ = {isa = PBXFileReference; fileEncoding = 4; lastKnownFileType = sourcecode.c.objc; path = XBXMPPCoreDataAccount.m; sourceTree = "<group>"; };
		A41DB9FB19A2190200B3AB93 /* _XBXMPPCoreDataAccount.h */ = {isa = PBXFileReference; fileEncoding = 4; lastKnownFileType = sourcecode.c.h; path = _XBXMPPCoreDataAccount.h; sourceTree = "<group>"; };
		A41DB9FC19A2190200B3AB93 /* _XBXMPPCoreDataAccount.m */ = {isa = PBXFileReference; fileEncoding = 4; lastKnownFileType = sourcecode.c.objc; path = _XBXMPPCoreDataAccount.m; sourceTree = "<group>"; };
		A421DBD0199E02D000F857E2 /* xabber.app */ = {isa = PBXFileReference; explicitFileType = wrapper.application; includeInIndex = 0; path = xabber.app; sourceTree = BUILT_PRODUCTS_DIR; };
		A421DBD3199E02D000F857E2 /* Foundation.framework */ = {isa = PBXFileReference; lastKnownFileType = wrapper.framework; name = Foundation.framework; path = System/Library/Frameworks/Foundation.framework; sourceTree = SDKROOT; };
		A421DBD5199E02D000F857E2 /* CoreGraphics.framework */ = {isa = PBXFileReference; lastKnownFileType = wrapper.framework; name = CoreGraphics.framework; path = System/Library/Frameworks/CoreGraphics.framework; sourceTree = SDKROOT; };
		A421DBD7199E02D000F857E2 /* UIKit.framework */ = {isa = PBXFileReference; lastKnownFileType = wrapper.framework; name = UIKit.framework; path = System/Library/Frameworks/UIKit.framework; sourceTree = SDKROOT; };
		A421DBD9199E02D000F857E2 /* CoreData.framework */ = {isa = PBXFileReference; lastKnownFileType = wrapper.framework; name = CoreData.framework; path = System/Library/Frameworks/CoreData.framework; sourceTree = SDKROOT; };
		A421DBDD199E02D000F857E2 /* xabber-Info.plist */ = {isa = PBXFileReference; lastKnownFileType = text.plist.xml; path = "xabber-Info.plist"; sourceTree = "<group>"; };
		A421DBDF199E02D000F857E2 /* en */ = {isa = PBXFileReference; lastKnownFileType = text.plist.strings; name = en; path = en.lproj/InfoPlist.strings; sourceTree = "<group>"; };
		A421DBE1199E02D000F857E2 /* main.m */ = {isa = PBXFileReference; lastKnownFileType = sourcecode.c.objc; path = main.m; sourceTree = "<group>"; };
		A421DBE3199E02D000F857E2 /* xabber-Prefix.pch */ = {isa = PBXFileReference; lastKnownFileType = sourcecode.c.h; path = "xabber-Prefix.pch"; sourceTree = "<group>"; };
		A421DBE4199E02D000F857E2 /* XBAppDelegate.h */ = {isa = PBXFileReference; lastKnownFileType = sourcecode.c.h; path = XBAppDelegate.h; sourceTree = "<group>"; };
		A421DBE5199E02D000F857E2 /* XBAppDelegate.m */ = {isa = PBXFileReference; lastKnownFileType = sourcecode.c.objc; path = XBAppDelegate.m; sourceTree = "<group>"; };
		A421DBE8199E02D000F857E2 /* Base */ = {isa = PBXFileReference; lastKnownFileType = file.storyboard; name = Base; path = Base.lproj/Main_iPhone.storyboard; sourceTree = "<group>"; };
		A421DBEB199E02D000F857E2 /* Base */ = {isa = PBXFileReference; lastKnownFileType = file.storyboard; name = Base; path = Base.lproj/Main_iPad.storyboard; sourceTree = "<group>"; };
		A421DBF6199E02D000F857E2 /* Images.xcassets */ = {isa = PBXFileReference; lastKnownFileType = folder.assetcatalog; path = Images.xcassets; sourceTree = "<group>"; };
		A421DBFC199E02D000F857E2 /* xabberTests.xctest */ = {isa = PBXFileReference; explicitFileType = wrapper.cfbundle; includeInIndex = 0; path = xabberTests.xctest; sourceTree = BUILT_PRODUCTS_DIR; };
		A421DBFD199E02D000F857E2 /* XCTest.framework */ = {isa = PBXFileReference; lastKnownFileType = wrapper.framework; name = XCTest.framework; path = Library/Frameworks/XCTest.framework; sourceTree = DEVELOPER_DIR; };
		A421DC06199E02D000F857E2 /* xabberTests-Info.plist */ = {isa = PBXFileReference; lastKnownFileType = text.plist.xml; path = "xabberTests-Info.plist"; sourceTree = "<group>"; };
		A421DC08199E02D000F857E2 /* en */ = {isa = PBXFileReference; lastKnownFileType = text.plist.strings; name = en; path = en.lproj/InfoPlist.strings; sourceTree = "<group>"; };
		A43500F119BDA95C00485EE4 /* XBAccountEditViewController.h */ = {isa = PBXFileReference; fileEncoding = 4; lastKnownFileType = sourcecode.c.h; path = XBAccountEditViewController.h; sourceTree = "<group>"; };
		A43500F219BDA95C00485EE4 /* XBAccountEditViewController.m */ = {isa = PBXFileReference; fileEncoding = 4; lastKnownFileType = sourcecode.c.objc; path = XBAccountEditViewController.m; sourceTree = "<group>"; };
		A43500F419BDC92700485EE4 /* XBAccountsViewController.h */ = {isa = PBXFileReference; fileEncoding = 4; lastKnownFileType = sourcecode.c.h; path = XBAccountsViewController.h; sourceTree = "<group>"; };
		A43500F519BDC92700485EE4 /* XBAccountsViewController.m */ = {isa = PBXFileReference; fileEncoding = 4; lastKnownFileType = sourcecode.c.objc; path = XBAccountsViewController.m; sourceTree = "<group>"; };
		A48BFF9519C0277200CB502C /* ru */ = {isa = PBXFileReference; lastKnownFileType = text.plist.strings; name = ru; path = ru.lproj/Main_iPhone.strings; sourceTree = "<group>"; };
		A48BFF9619C0277200CB502C /* ru */ = {isa = PBXFileReference; lastKnownFileType = text.plist.strings; name = ru; path = ru.lproj/Main_iPad.strings; sourceTree = "<group>"; };
		A48BFF9819C0277200CB502C /* ru */ = {isa = PBXFileReference; lastKnownFileType = text.plist.strings; name = ru; path = ru.lproj/InfoPlist.strings; sourceTree = "<group>"; };
		A48BFFA119C02B7F00CB502C /* Base */ = {isa = PBXFileReference; lastKnownFileType = text.plist.strings; name = Base; path = Base.lproj/Localizable.strings; sourceTree = "<group>"; };
		A48BFFA319C02BB400CB502C /* ru */ = {isa = PBXFileReference; lastKnownFileType = text.plist.strings; name = ru; path = ru.lproj/Localizable.strings; sourceTree = "<group>"; };
		A48BFFA519C06EA500CB502C /* en */ = {isa = PBXFileReference; lastKnownFileType = text.plist.strings; name = en; path = en.lproj/Localizable.strings; sourceTree = "<group>"; };
		AA53C965164949F69C2EA7E8 /* libPods.a */ = {isa = PBXFileReference; explicitFileType = archive.ar; includeInIndex = 0; path = libPods.a; sourceTree = BUILT_PRODUCTS_DIR; };
		CC98CB24FF864D288EE32C38 /* Pods-xabberTests.xcconfig */ = {isa = PBXFileReference; includeInIndex = 1; lastKnownFileType = text.xcconfig; name = "Pods-xabberTests.xcconfig"; path = "Pods/Pods-xabberTests.xcconfig"; sourceTree = "<group>"; };
/* End PBXFileReference section */

/* Begin PBXFrameworksBuildPhase section */
		A421DBCD199E02D000F857E2 /* Frameworks */ = {
			isa = PBXFrameworksBuildPhase;
			buildActionMask = 2147483647;
			files = (
				A421DBD6199E02D000F857E2 /* CoreGraphics.framework in Frameworks */,
				A421DBDA199E02D000F857E2 /* CoreData.framework in Frameworks */,
				A421DBD8199E02D000F857E2 /* UIKit.framework in Frameworks */,
				A421DBD4199E02D000F857E2 /* Foundation.framework in Frameworks */,
				B6543416F91040A5923464F8 /* libPods.a in Frameworks */,
			);
			runOnlyForDeploymentPostprocessing = 0;
		};
		A421DBF9199E02D000F857E2 /* Frameworks */ = {
			isa = PBXFrameworksBuildPhase;
			buildActionMask = 2147483647;
			files = (
				A421DBFE199E02D000F857E2 /* XCTest.framework in Frameworks */,
				A421DC01199E02D000F857E2 /* CoreData.framework in Frameworks */,
				A421DC00199E02D000F857E2 /* UIKit.framework in Frameworks */,
				A421DBFF199E02D000F857E2 /* Foundation.framework in Frameworks */,
				CC5E7FD9F980480B8952BDB6 /* libPods-xabberTests.a in Frameworks */,
			);
			runOnlyForDeploymentPostprocessing = 0;
		};
/* End PBXFrameworksBuildPhase section */

/* Begin PBXGroup section */
		75DCE2E0FA80A14A3FE7ED48 /* EntitiesMachine */ = {
			isa = PBXGroup;
			children = (
				A41DB9FB19A2190200B3AB93 /* _XBXMPPCoreDataAccount.h */,
				A41DB9FC19A2190200B3AB93 /* _XBXMPPCoreDataAccount.m */,
			);
			path = EntitiesMachine;
			sourceTree = "<group>";
		};
		75DCE52C7223F0D399B20C35 /* CoreData */ = {
			isa = PBXGroup;
			children = (
				A41DB9F219A218EA00B3AB93 /* ModelIncludes.h */,
				A41DB9EF19A2168A00B3AB93 /* xabber.xcdatamodeld */,
				75DCE9417E5796027D592E98 /* Scripts */,
				75DCEFB19A67567C8A113846 /* Entities */,
				75DCE2E0FA80A14A3FE7ED48 /* EntitiesMachine */,
			);
			path = CoreData;
			sourceTree = "<group>";
		};
		75DCE72545F2E40CACD069B5 /* ContactList */ = {
			isa = PBXGroup;
			children = (
				75DCE9A4DE3673AB789F615E /* XBContactList.m */,
				75DCE9ADA7CC1833B8D513F7 /* XBContactList.h */,
				75DCE6950CE1F00AE1310EFE /* XBContact.m */,
				75DCEAA6D0D70640CC681139 /* XBContact.h */,
			);
			path = ContactList;
			sourceTree = "<group>";
		};
		75DCE9417E5796027D592E98 /* Scripts */ = {
			isa = PBXGroup;
			children = (
				75DCE9235B36DF8083D25ECA /* mogen.sh */,
				75DCE13BBDB715407F1B73AA /* mogend.sh */,
			);
			path = Scripts;
			sourceTree = "<group>";
		};
		75DCE96D77E155A0DFC1CD69 /* Validators */ = {
			isa = PBXGroup;
			children = (
				75DCEAA2F7C599948E74460D /* XBValidator.h */,
				75DCEB5711EFD30FAAA386FA /* XBRequiredValidator.m */,
				75DCED2989A8CF77616FB53B /* XBRequiredValidator.h */,
				75DCE943EDC5F6698DCE1547 /* XBStringLengthValidator.m */,
				75DCE6911215C0CAA27BD043 /* XBStringLengthValidator.h */,
				75DCEA4ABA34835710E5A483 /* XBClassValidator.m */,
				75DCE46563847633E289687F /* XBClassValidator.h */,
				75DCE540A21D3E7DD4890EBE /* XBEmailValidator.m */,
				75DCEE36640E2458CC519DF1 /* XBEmailValidator.h */,
				75DCEA59D6BBB763F840005A /* XBMinValueValidator.m */,
				75DCEF4BA703C79DB6750770 /* XBMinValueValidator.h */,
				75DCED9701ACF8BEA21AE48C /* XBMaxValueValidator.m */,
				75DCE0901054B52E74BDBC07 /* XBMaxValueValidator.h */,
			);
			path = Validators;
			sourceTree = "<group>";
		};
		75DCEBA5202F56CDDDA0E0E9 /* Test Categories */ = {
			isa = PBXGroup;
			children = (
				75DCE1AE3570B5B13C2B700D /* XMPPPresence+XBEquality.m */,
				75DCED6B494282AAA76811B9 /* XMPPPresence+XBEquality.h */,
			);
			path = "Test Categories";
			sourceTree = "<group>";
		};
		75DCEBB2578AF92659C1FFB5 /* Controllers */ = {
			isa = PBXGroup;
			children = (
				75DCE240E9ACEF330E663B9E /* XBAccountsController.m */,
				75DCE996118C496E51FB8678 /* XBAccountsController.h */,
			);
			path = Controllers;
			sourceTree = "<group>";
		};
		75DCEC5FA353F5424C46CC00 /* Connector */ = {
			isa = PBXGroup;
			children = (
				75DCE4A385E2C649E16EA677 /* XBXMPPConnector.m */,
				75DCE48EA075773D65EA2DA2 /* XBXMPPConnector.h */,
			);
			path = Connector;
			sourceTree = "<group>";
		};
		75DCEC60E3E7819FA27AD9C9 /* ViewControllers */ = {
			isa = PBXGroup;
			children = (
				A43500F119BDA95C00485EE4 /* XBAccountEditViewController.h */,
				A43500F219BDA95C00485EE4 /* XBAccountEditViewController.m */,
				A43500F419BDC92700485EE4 /* XBAccountsViewController.h */,
				A43500F519BDC92700485EE4 /* XBAccountsViewController.m */,
			);
			path = ViewControllers;
			sourceTree = "<group>";
		};
		75DCED989299E47B17AEB78D /* Auth */ = {
			isa = PBXGroup;
			children = (
				75DCEB2BD63DFA9BB5FA1A87 /* XBAccountManager.m */,
				75DCEBA4AB61EAD736243C5F /* XBAccountManager.h */,
				75DCE2E5958345301F5FB5B6 /* XBAccount.m */,
				75DCED66D62ECECB1000DBB5 /* XBAccount.h */,
			);
			path = Auth;
			sourceTree = "<group>";
		};
		75DCEFB19A67567C8A113846 /* Entities */ = {
			isa = PBXGroup;
			children = (
				A41DB9F319A218F500B3AB93 /* XBXMPPCoreDataAccount.h */,
				A41DB9F419A218F500B3AB93 /* XBXMPPCoreDataAccount.m */,
			);
			path = Entities;
			sourceTree = "<group>";
		};
		A421DBC7199E02D000F857E2 = {
			isa = PBXGroup;
			children = (
				A421DBDB199E02D000F857E2 /* xabber */,
				A421DC04199E02D000F857E2 /* xabberTests */,
				A421DBD2199E02D000F857E2 /* Frameworks */,
				A421DBD1199E02D000F857E2 /* Products */,
				8F8CDA0B349E4FB68FC4D371 /* Pods.xcconfig */,
				75DCED47E6E3DC91302E4215 /* .gitignore */,
				CC98CB24FF864D288EE32C38 /* Pods-xabberTests.xcconfig */,
				75DCE904070B7C93366CF1B9 /* .travis.yml */,
				75DCE5538A18D8CE3D0F00E6 /* XMPPFramework.h */,
			);
			sourceTree = "<group>";
		};
		A421DBD1199E02D000F857E2 /* Products */ = {
			isa = PBXGroup;
			children = (
				A421DBD0199E02D000F857E2 /* xabber.app */,
				A421DBFC199E02D000F857E2 /* xabberTests.xctest */,
			);
			name = Products;
			sourceTree = "<group>";
		};
		A421DBD2199E02D000F857E2 /* Frameworks */ = {
			isa = PBXGroup;
			children = (
				A421DBD3199E02D000F857E2 /* Foundation.framework */,
				A421DBD5199E02D000F857E2 /* CoreGraphics.framework */,
				A421DBD7199E02D000F857E2 /* UIKit.framework */,
				A421DBD9199E02D000F857E2 /* CoreData.framework */,
				A421DBFD199E02D000F857E2 /* XCTest.framework */,
				AA53C965164949F69C2EA7E8 /* libPods.a */,
				944A0A7921684A89A96C5394 /* libPods-xabberTests.a */,
			);
			name = Frameworks;
			sourceTree = "<group>";
		};
		A421DBDB199E02D000F857E2 /* xabber */ = {
			isa = PBXGroup;
			children = (
				A421DBE4199E02D000F857E2 /* XBAppDelegate.h */,
				A421DBE5199E02D000F857E2 /* XBAppDelegate.m */,
				A421DBE7199E02D000F857E2 /* Main_iPhone.storyboard */,
				A421DBEA199E02D000F857E2 /* Main_iPad.storyboard */,
				A421DBF6199E02D000F857E2 /* Images.xcassets */,
				A421DBDC199E02D000F857E2 /* Supporting Files */,
				75DCED989299E47B17AEB78D /* Auth */,
				75DCE52C7223F0D399B20C35 /* CoreData */,
				75DCEC5FA353F5424C46CC00 /* Connector */,
				75DCE7BDBED11F4610A7D73E /* XBError.h */,
				75DCE72545F2E40CACD069B5 /* ContactList */,
				75DCEC60E3E7819FA27AD9C9 /* ViewControllers */,
				75DCE96D77E155A0DFC1CD69 /* Validators */,
				75DCE4E8E6A5E52515DFF361 /* XBTypes.h */,
				75DCEBB2578AF92659C1FFB5 /* Controllers */,
			);
			path = xabber;
			sourceTree = "<group>";
		};
		A421DBDC199E02D000F857E2 /* Supporting Files */ = {
			isa = PBXGroup;
			children = (
				A421DBDD199E02D000F857E2 /* xabber-Info.plist */,
				A421DBDE199E02D000F857E2 /* InfoPlist.strings */,
				A421DBE1199E02D000F857E2 /* main.m */,
				A421DBE3199E02D000F857E2 /* xabber-Prefix.pch */,
				A48BFFA219C02B7F00CB502C /* Localizable.strings */,
			);
			name = "Supporting Files";
			sourceTree = "<group>";
		};
		A421DC04199E02D000F857E2 /* xabberTests */ = {
			isa = PBXGroup;
			children = (
				A421DC05199E02D000F857E2 /* Supporting Files */,
				75DCED516A2BF3745537CB36 /* XBAuthTest.m */,
				75DCEEA7F17D23658AF445DB /* AccountTests.m */,
				75DCECC77ED2B754ED2DF249 /* AccountConnectorTests.m */,
				75DCE73E0BE2D2A0FA4CD645 /* XMPPConnectorTests.m */,
				75DCEBA5202F56CDDDA0E0E9 /* Test Categories */,
				75DCEEBD0523FB54D0B1D6DE /* ValidatorsTests.m */,
				75DCE71D034B89C766312B4F /* AccountsControllerTests.m */,
			);
			path = xabberTests;
			sourceTree = "<group>";
		};
		A421DC05199E02D000F857E2 /* Supporting Files */ = {
			isa = PBXGroup;
			children = (
				A421DC06199E02D000F857E2 /* xabberTests-Info.plist */,
				A421DC07199E02D000F857E2 /* InfoPlist.strings */,
			);
			name = "Supporting Files";
			sourceTree = "<group>";
		};
/* End PBXGroup section */

/* Begin PBXNativeTarget section */
		A421DBCF199E02D000F857E2 /* xabber */ = {
			isa = PBXNativeTarget;
			buildConfigurationList = A421DC0E199E02D000F857E2 /* Build configuration list for PBXNativeTarget "xabber" */;
			buildPhases = (
				9393FFA46D6E46A789396EB0 /* Check Pods Manifest.lock */,
				A421DBCC199E02D000F857E2 /* Sources */,
				A421DBCD199E02D000F857E2 /* Frameworks */,
				A421DBCE199E02D000F857E2 /* Resources */,
				F985EBBF52554D34B28EA363 /* Copy Pods Resources */,
			);
			buildRules = (
				A41DB9DB19A1CD6800B3AB93 /* PBXBuildRule */,
				A41DB9DC19A1CDCB00B3AB93 /* PBXBuildRule */,
			);
			dependencies = (
			);
			name = xabber;
			productName = xabber;
			productReference = A421DBD0199E02D000F857E2 /* xabber.app */;
			productType = "com.apple.product-type.application";
		};
		A421DBFB199E02D000F857E2 /* xabberTests */ = {
			isa = PBXNativeTarget;
			buildConfigurationList = A421DC11199E02D000F857E2 /* Build configuration list for PBXNativeTarget "xabberTests" */;
			buildPhases = (
				2C380A920184487085785384 /* Check Pods Manifest.lock */,
				A421DBF8199E02D000F857E2 /* Sources */,
				A421DBF9199E02D000F857E2 /* Frameworks */,
				A421DBFA199E02D000F857E2 /* Resources */,
				155B3E45767A4A01B2E1AF45 /* Copy Pods Resources */,
			);
			buildRules = (
			);
			dependencies = (
				A421DC03199E02D000F857E2 /* PBXTargetDependency */,
			);
			name = xabberTests;
			productName = xabberTests;
			productReference = A421DBFC199E02D000F857E2 /* xabberTests.xctest */;
			productType = "com.apple.product-type.bundle.unit-test";
		};
/* End PBXNativeTarget section */

/* Begin PBXProject section */
		A421DBC8199E02D000F857E2 /* Project object */ = {
			isa = PBXProject;
			attributes = {
				CLASSPREFIX = XB;
				LastUpgradeCheck = 0510;
				ORGANIZATIONNAME = "Redsolution LLC";
				TargetAttributes = {
					A421DBFB199E02D000F857E2 = {
						TestTargetID = A421DBCF199E02D000F857E2;
					};
				};
			};
			buildConfigurationList = A421DBCB199E02D000F857E2 /* Build configuration list for PBXProject "xabber" */;
			compatibilityVersion = "Xcode 3.2";
			developmentRegion = English;
			hasScannedForEncodings = 0;
			knownRegions = (
				en,
				Base,
				ru,
			);
			mainGroup = A421DBC7199E02D000F857E2;
			productRefGroup = A421DBD1199E02D000F857E2 /* Products */;
			projectDirPath = "";
			projectRoot = "";
			targets = (
				A421DBCF199E02D000F857E2 /* xabber */,
				A421DBFB199E02D000F857E2 /* xabberTests */,
			);
		};
/* End PBXProject section */

/* Begin PBXResourcesBuildPhase section */
		A421DBCE199E02D000F857E2 /* Resources */ = {
			isa = PBXResourcesBuildPhase;
			buildActionMask = 2147483647;
			files = (
				A48BFFA619C06EB200CB502C /* Localizable.strings in Resources */,
				A421DBEC199E02D000F857E2 /* Main_iPad.storyboard in Resources */,
				A421DBF7199E02D000F857E2 /* Images.xcassets in Resources */,
				A421DBE9199E02D000F857E2 /* Main_iPhone.storyboard in Resources */,
				A421DBE0199E02D000F857E2 /* InfoPlist.strings in Resources */,
				75DCE9D4F122C8E3BB07125F /* .gitignore in Resources */,
				75DCE79E43BD92C9AB570663 /* mogen.sh in Resources */,
				75DCEE627A4AEA9076A55EE8 /* mogend.sh in Resources */,
				75DCE9A2CACC2E1827D6CBE6 /* .travis.yml in Resources */,
				75DCEA5B4FA15D8980989C38 /* XBTypes.h in Resources */,
			);
			runOnlyForDeploymentPostprocessing = 0;
		};
		A421DBFA199E02D000F857E2 /* Resources */ = {
			isa = PBXResourcesBuildPhase;
			buildActionMask = 2147483647;
			files = (
				A421DC09199E02D000F857E2 /* InfoPlist.strings in Resources */,
			);
			runOnlyForDeploymentPostprocessing = 0;
		};
/* End PBXResourcesBuildPhase section */

/* Begin PBXShellScriptBuildPhase section */
		155B3E45767A4A01B2E1AF45 /* Copy Pods Resources */ = {
			isa = PBXShellScriptBuildPhase;
			buildActionMask = 2147483647;
			files = (
			);
			inputPaths = (
			);
			name = "Copy Pods Resources";
			outputPaths = (
			);
			runOnlyForDeploymentPostprocessing = 0;
			shellPath = /bin/sh;
			shellScript = "\"${SRCROOT}/Pods/Pods-xabberTests-resources.sh\"\n";
			showEnvVarsInLog = 0;
		};
		2C380A920184487085785384 /* Check Pods Manifest.lock */ = {
			isa = PBXShellScriptBuildPhase;
			buildActionMask = 2147483647;
			files = (
			);
			inputPaths = (
			);
			name = "Check Pods Manifest.lock";
			outputPaths = (
			);
			runOnlyForDeploymentPostprocessing = 0;
			shellPath = /bin/sh;
			shellScript = "diff \"${PODS_ROOT}/../Podfile.lock\" \"${PODS_ROOT}/Manifest.lock\" > /dev/null\nif [[ $? != 0 ]] ; then\n    cat << EOM\nerror: The sandbox is not in sync with the Podfile.lock. Run 'pod install' or update your CocoaPods installation.\nEOM\n    exit 1\nfi\n";
			showEnvVarsInLog = 0;
		};
		9393FFA46D6E46A789396EB0 /* Check Pods Manifest.lock */ = {
			isa = PBXShellScriptBuildPhase;
			buildActionMask = 2147483647;
			files = (
			);
			inputPaths = (
			);
			name = "Check Pods Manifest.lock";
			outputPaths = (
			);
			runOnlyForDeploymentPostprocessing = 0;
			shellPath = /bin/sh;
			shellScript = "diff \"${PODS_ROOT}/../Podfile.lock\" \"${PODS_ROOT}/Manifest.lock\" > /dev/null\nif [[ $? != 0 ]] ; then\n    cat << EOM\nerror: The sandbox is not in sync with the Podfile.lock. Run 'pod install' or update your CocoaPods installation.\nEOM\n    exit 1\nfi\n";
			showEnvVarsInLog = 0;
		};
		F985EBBF52554D34B28EA363 /* Copy Pods Resources */ = {
			isa = PBXShellScriptBuildPhase;
			buildActionMask = 2147483647;
			files = (
			);
			inputPaths = (
			);
			name = "Copy Pods Resources";
			outputPaths = (
			);
			runOnlyForDeploymentPostprocessing = 0;
			shellPath = /bin/sh;
			shellScript = "\"${SRCROOT}/Pods/Pods-resources.sh\"\n";
			showEnvVarsInLog = 0;
		};
/* End PBXShellScriptBuildPhase section */

/* Begin PBXSourcesBuildPhase section */
		A421DBCC199E02D000F857E2 /* Sources */ = {
			isa = PBXSourcesBuildPhase;
			buildActionMask = 2147483647;
			files = (
				A41DB9F719A218F500B3AB93 /* XBXMPPCoreDataAccount.m in Sources */,
				A41DB9F119A2168A00B3AB93 /* xabber.xcdatamodeld in Sources */,
				A421DBE6199E02D000F857E2 /* XBAppDelegate.m in Sources */,
				A421DBE2199E02D000F857E2 /* main.m in Sources */,
				A41DB9FE19A2190200B3AB93 /* _XBXMPPCoreDataAccount.m in Sources */,
				75DCE5E059A0113482DA39CC /* XBAccountManager.m in Sources */,
				A43500F619BDC92700485EE4 /* XBAccountsViewController.m in Sources */,
				75DCE93BD1E1D88C84714D60 /* XBAccount.m in Sources */,
				75DCE48C14BBBBDA5642E52F /* XBXMPPConnector.m in Sources */,
				75DCE9DB4183ABEB2BD980FD /* XMPPPresence+XBEquality.m in Sources */,
				A43500F319BDA95C00485EE4 /* XBAccountEditViewController.m in Sources */,
				75DCEE2ED27D89898EA3F4B4 /* XBContactList.m in Sources */,
				75DCE501A6AFCFC5583CE3E4 /* XBContact.m in Sources */,
				75DCE23E07F00280D157045F /* XBRequiredValidator.m in Sources */,
				75DCE0308BF8F84696E83FAA /* XBStringLengthValidator.m in Sources */,
				75DCE5ABE93A4E98F45E4C1A /* XBClassValidator.m in Sources */,
				75DCE213C93A60C708C2A02F /* XBEmailValidator.m in Sources */,
				75DCE353CB594AF8EDEA7C3D /* XBMinValueValidator.m in Sources */,
				75DCEC8A990C6D4A5573994E /* XBMaxValueValidator.m in Sources */,
				75DCEA934D04CA3BDAC613FF /* XBAccountsController.m in Sources */,
			);
			runOnlyForDeploymentPostprocessing = 0;
		};
		A421DBF8199E02D000F857E2 /* Sources */ = {
			isa = PBXSourcesBuildPhase;
			buildActionMask = 2147483647;
			files = (
				75DCE5E9B009952060DB1290 /* XBAuthTest.m in Sources */,
				75DCE4B321E2B9D44627B51D /* AccountTests.m in Sources */,
				75DCE8D8DF418719894E2084 /* AccountConnectorTests.m in Sources */,
				75DCEB83DF5C824D7CE5B3A7 /* XMPPConnectorTests.m in Sources */,
				75DCE4C79781FF1F5FCD34C7 /* ValidatorsTests.m in Sources */,
				75DCEC9A493466986B8E1B72 /* AccountsControllerTests.m in Sources */,
			);
			runOnlyForDeploymentPostprocessing = 0;
		};
/* End PBXSourcesBuildPhase section */

/* Begin PBXTargetDependency section */
		A421DC03199E02D000F857E2 /* PBXTargetDependency */ = {
			isa = PBXTargetDependency;
			target = A421DBCF199E02D000F857E2 /* xabber */;
			targetProxy = A421DC02199E02D000F857E2 /* PBXContainerItemProxy */;
		};
/* End PBXTargetDependency section */

/* Begin PBXVariantGroup section */
		A421DBDE199E02D000F857E2 /* InfoPlist.strings */ = {
			isa = PBXVariantGroup;
			children = (
				A421DBDF199E02D000F857E2 /* en */,
				A48BFF9819C0277200CB502C /* ru */,
			);
			name = InfoPlist.strings;
			sourceTree = "<group>";
		};
		A421DBE7199E02D000F857E2 /* Main_iPhone.storyboard */ = {
			isa = PBXVariantGroup;
			children = (
				A421DBE8199E02D000F857E2 /* Base */,
				A48BFF9519C0277200CB502C /* ru */,
			);
			name = Main_iPhone.storyboard;
			sourceTree = "<group>";
		};
		A421DBEA199E02D000F857E2 /* Main_iPad.storyboard */ = {
			isa = PBXVariantGroup;
			children = (
				A421DBEB199E02D000F857E2 /* Base */,
				A48BFF9619C0277200CB502C /* ru */,
			);
			name = Main_iPad.storyboard;
			sourceTree = "<group>";
		};
		A421DC07199E02D000F857E2 /* InfoPlist.strings */ = {
			isa = PBXVariantGroup;
			children = (
				A421DC08199E02D000F857E2 /* en */,
			);
			name = InfoPlist.strings;
			sourceTree = "<group>";
		};
		A48BFFA219C02B7F00CB502C /* Localizable.strings */ = {
			isa = PBXVariantGroup;
			children = (
				A48BFFA119C02B7F00CB502C /* Base */,
				A48BFFA319C02BB400CB502C /* ru */,
				A48BFFA519C06EA500CB502C /* en */,
			);
			name = Localizable.strings;
			sourceTree = "<group>";
		};
/* End PBXVariantGroup section */

/* Begin XCBuildConfiguration section */
		A421DC0C199E02D000F857E2 /* Debug */ = {
			isa = XCBuildConfiguration;
			buildSettings = {
				ALWAYS_SEARCH_USER_PATHS = NO;
				CLANG_CXX_LANGUAGE_STANDARD = "gnu++0x";
				CLANG_CXX_LIBRARY = "libc++";
				CLANG_ENABLE_MODULES = YES;
				CLANG_ENABLE_OBJC_ARC = YES;
				CLANG_WARN_BOOL_CONVERSION = YES;
				CLANG_WARN_CONSTANT_CONVERSION = YES;
				CLANG_WARN_DIRECT_OBJC_ISA_USAGE = YES_ERROR;
				CLANG_WARN_EMPTY_BODY = YES;
				CLANG_WARN_ENUM_CONVERSION = YES;
				CLANG_WARN_INT_CONVERSION = YES;
				CLANG_WARN_OBJC_ROOT_CLASS = YES_ERROR;
				CLANG_WARN__DUPLICATE_METHOD_MATCH = YES;
				CODE_SIGN_IDENTITY = "iPhone Developer: Dmitry Sobolev (23E3KBMURF)";
				"CODE_SIGN_IDENTITY[sdk=iphoneos*]" = "iPhone Developer: Dmitry Sobolev (23E3KBMURF)";
				COPY_PHASE_STRIP = NO;
				GCC_C_LANGUAGE_STANDARD = gnu99;
				GCC_DYNAMIC_NO_PIC = NO;
				GCC_OPTIMIZATION_LEVEL = 0;
				GCC_PREPROCESSOR_DEFINITIONS = (
					"DEBUG=1",
					"$(inherited)",
				);
				GCC_SYMBOLS_PRIVATE_EXTERN = NO;
				GCC_WARN_64_TO_32_BIT_CONVERSION = YES;
				GCC_WARN_ABOUT_RETURN_TYPE = YES_ERROR;
				GCC_WARN_UNDECLARED_SELECTOR = YES;
				GCC_WARN_UNINITIALIZED_AUTOS = YES_AGGRESSIVE;
				GCC_WARN_UNUSED_FUNCTION = YES;
				GCC_WARN_UNUSED_VARIABLE = YES;
				IPHONEOS_DEPLOYMENT_TARGET = 7.1;
				ONLY_ACTIVE_ARCH = YES;
				PROVISIONING_PROFILE = "274397be-f0df-4901-a364-c80caebe68da";
				SDKROOT = iphoneos;
				TARGETED_DEVICE_FAMILY = "1,2";
			};
			name = Debug;
		};
		A421DC0D199E02D000F857E2 /* Release */ = {
			isa = XCBuildConfiguration;
			buildSettings = {
				ALWAYS_SEARCH_USER_PATHS = NO;
				CLANG_CXX_LANGUAGE_STANDARD = "gnu++0x";
				CLANG_CXX_LIBRARY = "libc++";
				CLANG_ENABLE_MODULES = YES;
				CLANG_ENABLE_OBJC_ARC = YES;
				CLANG_WARN_BOOL_CONVERSION = YES;
				CLANG_WARN_CONSTANT_CONVERSION = YES;
				CLANG_WARN_DIRECT_OBJC_ISA_USAGE = YES_ERROR;
				CLANG_WARN_EMPTY_BODY = YES;
				CLANG_WARN_ENUM_CONVERSION = YES;
				CLANG_WARN_INT_CONVERSION = YES;
				CLANG_WARN_OBJC_ROOT_CLASS = YES_ERROR;
				CLANG_WARN__DUPLICATE_METHOD_MATCH = YES;
				CODE_SIGN_IDENTITY = "iPhone Developer: Dmitry Sobolev (23E3KBMURF)";
				"CODE_SIGN_IDENTITY[sdk=iphoneos*]" = "iPhone Developer: Dmitry Sobolev (23E3KBMURF)";
				COPY_PHASE_STRIP = YES;
				ENABLE_NS_ASSERTIONS = NO;
				GCC_C_LANGUAGE_STANDARD = gnu99;
				GCC_WARN_64_TO_32_BIT_CONVERSION = YES;
				GCC_WARN_ABOUT_RETURN_TYPE = YES_ERROR;
				GCC_WARN_UNDECLARED_SELECTOR = YES;
				GCC_WARN_UNINITIALIZED_AUTOS = YES_AGGRESSIVE;
				GCC_WARN_UNUSED_FUNCTION = YES;
				GCC_WARN_UNUSED_VARIABLE = YES;
				IPHONEOS_DEPLOYMENT_TARGET = 7.1;
				PROVISIONING_PROFILE = "274397be-f0df-4901-a364-c80caebe68da";
				SDKROOT = iphoneos;
				TARGETED_DEVICE_FAMILY = "1,2";
				VALIDATE_PRODUCT = YES;
			};
			name = Release;
		};
		A421DC0F199E02D000F857E2 /* Debug */ = {
			isa = XCBuildConfiguration;
			baseConfigurationReference = 8F8CDA0B349E4FB68FC4D371 /* Pods.xcconfig */;
			buildSettings = {
				ASSETCATALOG_COMPILER_APPICON_NAME = AppIcon;
				ASSETCATALOG_COMPILER_LAUNCHIMAGE_NAME = LaunchImage;
				GCC_PRECOMPILE_PREFIX_HEADER = YES;
				GCC_PREFIX_HEADER = "xabber/xabber-Prefix.pch";
				INFOPLIST_FILE = "xabber/xabber-Info.plist";
				IPHONEOS_DEPLOYMENT_TARGET = 7.0;
				PRODUCT_NAME = "$(TARGET_NAME)";
				USER_HEADER_SEARCH_PATHS = "\"${PROJECT_DIR}/Pods\"/**";
				WRAPPER_EXTENSION = app;
			};
			name = Debug;
		};
		A421DC10199E02D000F857E2 /* Release */ = {
			isa = XCBuildConfiguration;
			baseConfigurationReference = 8F8CDA0B349E4FB68FC4D371 /* Pods.xcconfig */;
			buildSettings = {
				ASSETCATALOG_COMPILER_APPICON_NAME = AppIcon;
				ASSETCATALOG_COMPILER_LAUNCHIMAGE_NAME = LaunchImage;
				GCC_PRECOMPILE_PREFIX_HEADER = YES;
				GCC_PREFIX_HEADER = "xabber/xabber-Prefix.pch";
				INFOPLIST_FILE = "xabber/xabber-Info.plist";
				IPHONEOS_DEPLOYMENT_TARGET = 7.0;
				PRODUCT_NAME = "$(TARGET_NAME)";
				USER_HEADER_SEARCH_PATHS = "\"${PROJECT_DIR}/Pods\"/**";
				WRAPPER_EXTENSION = app;
			};
			name = Release;
		};
		A421DC12199E02D000F857E2 /* Debug */ = {
			isa = XCBuildConfiguration;
			baseConfigurationReference = CC98CB24FF864D288EE32C38 /* Pods-xabberTests.xcconfig */;
			buildSettings = {
				BUNDLE_LOADER = "$(BUILT_PRODUCTS_DIR)/xabber.app/xabber";
				FRAMEWORK_SEARCH_PATHS = (
					"$(SDKROOT)/Developer/Library/Frameworks",
					"$(inherited)",
					"$(DEVELOPER_FRAMEWORKS_DIR)",
				);
				GCC_PRECOMPILE_PREFIX_HEADER = YES;
				GCC_PREFIX_HEADER = "xabber/xabber-Prefix.pch";
				GCC_PREPROCESSOR_DEFINITIONS = (
					"DEBUG=1",
					"$(inherited)",
				);
				HEADER_SEARCH_PATHS = (
					"\"${PODS_ROOT}/Headers\"",
					"\"${PODS_ROOT}/Headers/CocoaAsyncSocket\"",
					"\"${PODS_ROOT}/Headers/CocoaLumberjack\"",
					"\"${PODS_ROOT}/Headers/MagicalRecord\"",
					"\"${PODS_ROOT}/Headers/OCMock\"",
					"\"${PODS_ROOT}/Headers/SSKeychain\"",
					"\"${PODS_ROOT}/Headers/XMPPFramework\"",
					"$(SDKROOT)/usr/include/libxml2",
				);
				INFOPLIST_FILE = "xabberTests/xabberTests-Info.plist";
				PRODUCT_NAME = "$(TARGET_NAME)";
				TEST_HOST = "$(BUNDLE_LOADER)";
				USER_HEADER_SEARCH_PATHS = "\"${PROJECT_DIR}/Pods\"/**";
				WRAPPER_EXTENSION = xctest;
			};
			name = Debug;
		};
		A421DC13199E02D000F857E2 /* Release */ = {
			isa = XCBuildConfiguration;
			baseConfigurationReference = CC98CB24FF864D288EE32C38 /* Pods-xabberTests.xcconfig */;
			buildSettings = {
				BUNDLE_LOADER = "$(BUILT_PRODUCTS_DIR)/xabber.app/xabber";
				FRAMEWORK_SEARCH_PATHS = (
					"$(SDKROOT)/Developer/Library/Frameworks",
					"$(inherited)",
					"$(DEVELOPER_FRAMEWORKS_DIR)",
				);
				GCC_PRECOMPILE_PREFIX_HEADER = YES;
				GCC_PREFIX_HEADER = "xabber/xabber-Prefix.pch";
				HEADER_SEARCH_PATHS = (
					"\"${PODS_ROOT}/Headers\"",
					"\"${PODS_ROOT}/Headers/CocoaAsyncSocket\"",
					"\"${PODS_ROOT}/Headers/CocoaLumberjack\"",
					"\"${PODS_ROOT}/Headers/MagicalRecord\"",
					"\"${PODS_ROOT}/Headers/OCMock\"",
					"\"${PODS_ROOT}/Headers/SSKeychain\"",
					"\"${PODS_ROOT}/Headers/XMPPFramework\"",
					"$(SDKROOT)/usr/include/libxml2",
				);
				INFOPLIST_FILE = "xabberTests/xabberTests-Info.plist";
				PRODUCT_NAME = "$(TARGET_NAME)";
				TEST_HOST = "$(BUNDLE_LOADER)";
				USER_HEADER_SEARCH_PATHS = "\"${PROJECT_DIR}/Pods\"/**";
				WRAPPER_EXTENSION = xctest;
			};
			name = Release;
		};
/* End XCBuildConfiguration section */

/* Begin XCConfigurationList section */
		A421DBCB199E02D000F857E2 /* Build configuration list for PBXProject "xabber" */ = {
			isa = XCConfigurationList;
			buildConfigurations = (
				A421DC0C199E02D000F857E2 /* Debug */,
				A421DC0D199E02D000F857E2 /* Release */,
			);
			defaultConfigurationIsVisible = 0;
			defaultConfigurationName = Release;
		};
		A421DC0E199E02D000F857E2 /* Build configuration list for PBXNativeTarget "xabber" */ = {
			isa = XCConfigurationList;
			buildConfigurations = (
				A421DC0F199E02D000F857E2 /* Debug */,
				A421DC10199E02D000F857E2 /* Release */,
			);
			defaultConfigurationIsVisible = 0;
			defaultConfigurationName = Release;
		};
		A421DC11199E02D000F857E2 /* Build configuration list for PBXNativeTarget "xabberTests" */ = {
			isa = XCConfigurationList;
			buildConfigurations = (
				A421DC12199E02D000F857E2 /* Debug */,
				A421DC13199E02D000F857E2 /* Release */,
			);
			defaultConfigurationIsVisible = 0;
			defaultConfigurationName = Release;
		};
/* End XCConfigurationList section */

/* Begin XCVersionGroup section */
		A41DB9EF19A2168A00B3AB93 /* xabber.xcdatamodeld */ = {
			isa = XCVersionGroup;
			children = (
				A418F7ED19A5E64700786B8B /* xabber 3.xcdatamodel */,
				A4189FF319A370B00017C5C6 /* xabber 2.xcdatamodel */,
				A41DB9F019A2168A00B3AB93 /* xabber.xcdatamodel */,
			);
			currentVersion = A418F7ED19A5E64700786B8B /* xabber 3.xcdatamodel */;
			path = xabber.xcdatamodeld;
			sourceTree = "<group>";
			versionGroupType = wrapper.xcdatamodel;
		};
/* End XCVersionGroup section */
	};
	rootObject = A421DBC8199E02D000F857E2 /* Project object */;
}
